{
  "name": "use_nodejs",
  "version": "1.0.0",
  "lockfileVersion": 1,
  "dependencies": {
    "adler-32": {
      "version": "1.0.0",
      "resolved": "http://registry.npm.taobao.org/adler-32/download/adler-32-1.0.0.tgz",
      "integrity": "sha1-KHKKcXVvYpZm3RZTzYB5Op3xhlE=",
      "dependencies": {
        "exit-on-epipe": {
          "version": "1.0.0",
          "resolved": "http://registry.npm.taobao.org/exit-on-epipe/download/exit-on-epipe-1.0.0.tgz",
          "integrity": "sha1-9uBXnIIU0zoIEJ/W4uXB28cEY/w="
        }
      }
    },
    "cfb": {
      "version": "0.11.1",
      "resolved": "http://registry.npm.taobao.org/cfb/download/cfb-0.11.1.tgz",
      "integrity": "sha1-qW248nKmw/uZ27sj70EiP0i+Hqc=",
      "dependencies": {
        "commander": {
          "version": "2.9.0",
          "resolved": "http://registry.npm.taobao.org/commander/download/commander-2.9.0.tgz",
          "integrity": "sha1-nJkJQXbhIkDLItbFFGCYQA/g99Q="
        }
      }
    },
    "codepage": {
      "version": "1.8.1",
      "resolved": "http://registry.npm.taobao.org/codepage/download/codepage-1.8.1.tgz",
      "integrity": "sha1-8aAJ1SYdwnVGKLrLb7vw5uKr/6o=",
      "dependencies": {
        "commander": {
          "version": "2.9.0",
          "resolved": "http://registry.npm.taobao.org/commander/download/commander-2.9.0.tgz",
          "integrity": "sha1-nJkJQXbhIkDLItbFFGCYQA/g99Q="
        },
        "exit-on-epipe": {
          "version": "1.0.0",
          "resolved": "http://registry.npm.taobao.org/exit-on-epipe/download/exit-on-epipe-1.0.0.tgz",
          "integrity": "sha1-9uBXnIIU0zoIEJ/W4uXB28cEY/w="
        }
      }
    },
    "colors": {
      "version": "0.6.2",
      "resolved": "http://registry.npm.taobao.org/colors/download/colors-0.6.2.tgz",
      "integrity": "sha1-JCP+ZnisDF2uiFLl0OW+CMmXq8w="
    },
    "commander": {
      "version": "2.9.0",
      "resolved": "http://registry.npm.taobao.org/commander/download/commander-2.9.0.tgz",
      "integrity": "sha1-nJkJQXbhIkDLItbFFGCYQA/g99Q="
    },
    "concat-stream": {
      "version": "1.6.0",
      "resolved": "http://registry.npm.taobao.org/concat-stream/download/concat-stream-1.6.0.tgz",
      "integrity": "sha1-CqxmL9Ur54lk1VMvaUeE5wEQrPc="
    },
    "core-util-is": {
      "version": "1.0.2",
      "resolved": "http://registry.npm.taobao.org/core-util-is/download/core-util-is-1.0.2.tgz",
      "integrity": "sha1-tf1UIgqivFq1eqtxQMlAdUUDwac="
    },
    "crc-32": {
      "version": "1.0.2",
      "resolved": "http://registry.npm.taobao.org/crc-32/download/crc-32-1.0.2.tgz",
      "integrity": "sha1-CVB5hO6bzOO9G4hh8N6KsQroGH0=",
      "dependencies": {
        "exit-on-epipe": {
          "version": "1.0.0",
          "resolved": "http://registry.npm.taobao.org/exit-on-epipe/download/exit-on-epipe-1.0.0.tgz",
          "integrity": "sha1-9uBXnIIU0zoIEJ/W4uXB28cEY/w="
        }
      }
    },
    "exit-on-epipe": {
      "version": "1.0.0",
      "resolved": "http://registry.npm.taobao.org/exit-on-epipe/download/exit-on-epipe-1.0.0.tgz",
      "integrity": "sha1-9uBXnIIU0zoIEJ/W4uXB28cEY/w="
    },
    "frac": {
      "version": "1.0.6",
      "resolved": "http://registry.npm.taobao.org/frac/download/frac-1.0.6.tgz",
      "integrity": "sha1-mg38I5VoUqizIGI7688b6eoEgik="
    },
    "graceful-readlink": {
      "version": "1.0.1",
      "resolved": "http://registry.npm.taobao.org/graceful-readlink/download/graceful-readlink-1.0.1.tgz",
      "integrity": "sha1-TK+tdrxi8C+gObL5Tpo906ORpyU="
    },
    "inherits": {
      "version": "2.0.3",
      "resolved": "http://registry.npm.taobao.org/inherits/download/inherits-2.0.3.tgz",
      "integrity": "sha1-Yzwsg+PaQqUC9SRmAiSA9CCCYd4="
    },
    "isarray": {
      "version": "1.0.0",
      "resolved": "http://registry.npm.taobao.org/isarray/download/isarray-1.0.0.tgz",
      "integrity": "sha1-u5NdSFgsuhaMBoNJV6VKPgcSTxE="
    },
    "nodemailer": {
      "version": "4.0.1",
      "resolved": "http://registry.npm.taobao.org/nodemailer/download/nodemailer-4.0.1.tgz",
      "integrity": "sha1-uVhksH+s7oKH6CMu/9bx1W7HWrI="
    },
    "printj": {
      "version": "1.0.0",
      "resolved": "http://registry.npm.taobao.org/printj/download/printj-1.0.0.tgz",
      "integrity": "sha1-XDfebFdyo/7YRoOZwgY7WyJSiGc="
    },
    "process-nextick-args": {
      "version": "1.0.7",
      "resolved": "http://registry.npm.taobao.org/process-nextick-args/download/process-nextick-args-1.0.7.tgz",
      "integrity": "sha1-FQ4gt1ZZCtP5EJPyWk8q2L/zC6M="
    },
    "readable-stream": {
      "version": "2.2.11",
      "resolved": "http://registry.npm.taobao.org/readable-stream/download/readable-stream-2.2.11.tgz",
      "integrity": "sha1-B5azH412iAB/8Lk6gIjTSqF8D3I="
    },
    "safe-buffer": {
      "version": "5.0.1",
      "resolved": "http://registry.npm.taobao.org/safe-buffer/download/safe-buffer-5.0.1.tgz",
      "integrity": "sha1-0mPKVGls2KMGtcplUekt5XkY++c="
    },
    "ssf": {
      "version": "0.9.4",
      "resolved": "http://registry.npm.taobao.org/ssf/download/ssf-0.9.4.tgz",
      "integrity": "sha1-jlepjBnbvx7dU/D4yef9UksPbJw="
    },
    "string_decoder": {
      "version": "1.0.2",
      "resolved": "http://registry.npm.taobao.org/string_decoder/download/string_decoder-1.0.2.tgz",
      "integrity": "sha1-sp4fThEl+pehA4K4pTNze3SR4Xk="
    },
    "typedarray": {
      "version": "0.0.6",
      "resolved": "http://registry.npm.taobao.org/typedarray/download/typedarray-0.0.6.tgz",
      "integrity": "sha1-hnrHTjhkGHsdPUfZlqeOxciDB3c="
    },
    "util-deprecate": {
      "version": "1.0.2",
      "resolved": "http://registry.npm.taobao.org/util-deprecate/download/util-deprecate-1.0.2.tgz",
      "integrity": "sha1-RQ1Nyfpw3nMnYvvS1KKJgUGaDM8="
    },
    "voc": {
      "version": "0.5.0",
      "resolved": "http://registry.npm.taobao.org/voc/download/voc-0.5.0.tgz",
      "integrity": "sha1-vmynx25KV9kwzID2sx+9gMqGBFw="
    },
    "xlsx": {
      "version": "0.10.5",
      "resolved": "http://registry.npm.taobao.org/xlsx/download/xlsx-0.10.5.tgz",
      "integrity": "sha1-epOtwRIXmHLjVTH1bncgWT71ELA="
    }
  }
}
